
Microsoft Visual Studio Solution File, Format Version 12.00
# Visual Studio 15
Project("{FAE04EC0-301F-11D3-BF4B-00C04F79EFBC}") = "Assembly-CSharp", "Assembly-CSharp.csproj", "{2EAE2169-6A9A-AC64-CA4A-8441DA13CBE9}"
EndProject
Project("{FAE04EC0-301F-11D3-BF4B-00C04F79EFBC}") = "Assembly-CSharp-Editor", "Assembly-CSharp-Editor.csproj", "{4A4A60D9-411E-0BD1-88F4-B9F61747CD61}"
EndProject
Global
	GlobalSection(SolutionConfigurationPlatforms) = preSolution
		Debug|Any CPU = Debug|Any CPU
		Release|Any CPU = Release|Any CPU
	EndGlobalSection
	GlobalSection(ProjectConfigurationPlatforms) = postSolution
		{2EAE2169-6A9A-AC64-CA4A-8441DA13CBE9}.Debug|Any CPU.ActiveCfg = Debug|Any CPU
		{2EAE2169-6A9A-AC64-CA4A-8441DA13CBE9}.Debug|Any CPU.Build.0 = Debug|Any CPU
		{2EAE2169-6A9A-AC64-CA4A-8441DA13CBE9}.Release|Any CPU.ActiveCfg = Release|Any CPU
		{2EAE2169-6A9A-AC64-CA4A-8441DA13CBE9}.Release|Any CPU.Build.0 = Release|Any CPU
		{4A4A60D9-411E-0BD1-88F4-B9F61747CD61}.Debug|Any CPU.ActiveCfg = Debug|Any CPU
		{4A4A60D9-411E-0BD1-88F4-B9F61747CD61}.Debug|Any CPU.Build.0 = Debug|Any CPU
		{4A4A60D9-411E-0BD1-88F4-B9F61747CD61}.Release|Any CPU.ActiveCfg = Release|Any CPU
		{4A4A60D9-411E-0BD1-88F4-B9F61747CD61}.Release|Any CPU.Build.0 = Release|Any CPU
	EndGlobalSection
	GlobalSection(SolutionProperties) = preSolution
		HideSolutionNode = FALSE
	EndGlobalSection
EndGlobal
